// !$*UTF8*$!
{
	archiveVersion = 1;
	classes = {
	};
	objectVersion = 51;
	objects = {

/* Begin PBXBuildFile section */
		0D40EA44E27875B898AA1709 /* Pods_Weight_Grail.framework in Frameworks */ = {isa = PBXBuildFile; fileRef = 360820C4361F706A92DA5AAB /* Pods_Weight_Grail.framework */; };
		DD7DD846249CD6C8002B8CA2 /* AuthViewController.swift in Sources */ = {isa = PBXBuildFile; fileRef = DD7DD845249CD6C8002B8CA2 /* AuthViewController.swift */; };
		DDA81A2F249B86C2001513C1 /* AppDelegate.swift in Sources */ = {isa = PBXBuildFile; fileRef = DDA81A2E249B86C2001513C1 /* AppDelegate.swift */; };
		DDA81A31249B86C2001513C1 /* SceneDelegate.swift in Sources */ = {isa = PBXBuildFile; fileRef = DDA81A30249B86C2001513C1 /* SceneDelegate.swift */; };
		DDA81A33249B86C2001513C1 /* InitViewController.swift in Sources */ = {isa = PBXBuildFile; fileRef = DDA81A32249B86C2001513C1 /* InitViewController.swift */; };
		DDA81A36249B86C2001513C1 /* Main.storyboard in Resources */ = {isa = PBXBuildFile; fileRef = DDA81A34249B86C2001513C1 /* Main.storyboard */; };
		DDA81A39249B86C2001513C1 /* Weight_Grail.xcdatamodeld in Sources */ = {isa = PBXBuildFile; fileRef = DDA81A37249B86C2001513C1 /* Weight_Grail.xcdatamodeld */; };
		DDA81A3B249B86C3001513C1 /* Assets.xcassets in Resources */ = {isa = PBXBuildFile; fileRef = DDA81A3A249B86C3001513C1 /* Assets.xcassets */; };
		DDA81A3E249B86C3001513C1 /* LaunchScreen.storyboard in Resources */ = {isa = PBXBuildFile; fileRef = DDA81A3C249B86C3001513C1 /* LaunchScreen.storyboard */; };
		DDA81A4A249B9744001513C1 /* GoogleService-Info.plist in Resources */ = {isa = PBXBuildFile; fileRef = DDA81A49249B9744001513C1 /* GoogleService-Info.plist */; };
		DDA81A4C249B99F6001513C1 /* Colors.xcassets in Resources */ = {isa = PBXBuildFile; fileRef = DDA81A4B249B99F6001513C1 /* Colors.xcassets */; };
		DDADB97824A2140F006ACB4E /* SignUpViewController.swift in Sources */ = {isa = PBXBuildFile; fileRef = DDADB97724A2140F006ACB4E /* SignUpViewController.swift */; };
		DDADB97A24A2263B006ACB4E /* AccountViewController.swift in Sources */ = {isa = PBXBuildFile; fileRef = DDADB97924A2263B006ACB4E /* AccountViewController.swift */; };
		DDADB97F24A22A8C006ACB4E /* FormController.swift in Sources */ = {isa = PBXBuildFile; fileRef = DDADB97E24A22A8C006ACB4E /* FormController.swift */; };
		DDCB3A2924A0EC63003A8A78 /* Colors.swift in Sources */ = {isa = PBXBuildFile; fileRef = DDCB3A2824A0EC63003A8A78 /* Colors.swift */; };
		DDCB3A2B24A0EDB8003A8A78 /* PrimaryButton.swift in Sources */ = {isa = PBXBuildFile; fileRef = DDCB3A2A24A0EDB8003A8A78 /* PrimaryButton.swift */; };
		DDCB3A2D24A0EE2A003A8A78 /* PrimaryTextField.swift in Sources */ = {isa = PBXBuildFile; fileRef = DDCB3A2C24A0EE2A003A8A78 /* PrimaryTextField.swift */; };
		DDCB3A2F24A0EE71003A8A78 /* PrimaryLabel.swift in Sources */ = {isa = PBXBuildFile; fileRef = DDCB3A2E24A0EE71003A8A78 /* PrimaryLabel.swift */; };
		DDDD455824A00F8B009C1227 /* DashboardViewController.swift in Sources */ = {isa = PBXBuildFile; fileRef = DDDD455724A00F8B009C1227 /* DashboardViewController.swift */; };
		DDDD455A24A00F9F009C1227 /* HistoryViewController.swift in Sources */ = {isa = PBXBuildFile; fileRef = DDDD455924A00F9F009C1227 /* HistoryViewController.swift */; };
		DDDD455C24A00FB0009C1227 /* LogScreenViewController.swift in Sources */ = {isa = PBXBuildFile; fileRef = DDDD455B24A00FB0009C1227 /* LogScreenViewController.swift */; };
/* End PBXBuildFile section */

/* Begin PBXFileReference section */
		0BB3F5B57AC9E80C3022CA05 /* Pods-Weight Grail.release.xcconfig */ = {isa = PBXFileReference; includeInIndex = 1; lastKnownFileType = text.xcconfig; name = "Pods-Weight Grail.release.xcconfig"; path = "Target Support Files/Pods-Weight Grail/Pods-Weight Grail.release.xcconfig"; sourceTree = "<group>"; };
		10EB4EC49D9CD1FD81EEA590 /* Pods-Weight Grail.debug.xcconfig */ = {isa = PBXFileReference; includeInIndex = 1; lastKnownFileType = text.xcconfig; name = "Pods-Weight Grail.debug.xcconfig"; path = "Target Support Files/Pods-Weight Grail/Pods-Weight Grail.debug.xcconfig"; sourceTree = "<group>"; };
		360820C4361F706A92DA5AAB /* Pods_Weight_Grail.framework */ = {isa = PBXFileReference; explicitFileType = wrapper.framework; includeInIndex = 0; path = Pods_Weight_Grail.framework; sourceTree = BUILT_PRODUCTS_DIR; };
		DD7DD845249CD6C8002B8CA2 /* AuthViewController.swift */ = {isa = PBXFileReference; lastKnownFileType = sourcecode.swift; path = AuthViewController.swift; sourceTree = "<group>"; };
		DDA81A2B249B86C2001513C1 /* Weight Grail.app */ = {isa = PBXFileReference; explicitFileType = wrapper.application; includeInIndex = 0; path = "Weight Grail.app"; sourceTree = BUILT_PRODUCTS_DIR; };
		DDA81A2E249B86C2001513C1 /* AppDelegate.swift */ = {isa = PBXFileReference; lastKnownFileType = sourcecode.swift; path = AppDelegate.swift; sourceTree = "<group>"; };
		DDA81A30249B86C2001513C1 /* SceneDelegate.swift */ = {isa = PBXFileReference; lastKnownFileType = sourcecode.swift; path = SceneDelegate.swift; sourceTree = "<group>"; };
		DDA81A32249B86C2001513C1 /* InitViewController.swift */ = {isa = PBXFileReference; lastKnownFileType = sourcecode.swift; path = InitViewController.swift; sourceTree = "<group>"; };
		DDA81A35249B86C2001513C1 /* Base */ = {isa = PBXFileReference; lastKnownFileType = file.storyboard; name = Base; path = Base.lproj/Main.storyboard; sourceTree = "<group>"; };
		DDA81A38249B86C2001513C1 /* Weight_Grail.xcdatamodel */ = {isa = PBXFileReference; lastKnownFileType = wrapper.xcdatamodel; path = Weight_Grail.xcdatamodel; sourceTree = "<group>"; };
		DDA81A3A249B86C3001513C1 /* Assets.xcassets */ = {isa = PBXFileReference; lastKnownFileType = folder.assetcatalog; path = Assets.xcassets; sourceTree = "<group>"; };
		DDA81A3D249B86C3001513C1 /* Base */ = {isa = PBXFileReference; lastKnownFileType = file.storyboard; name = Base; path = Base.lproj/LaunchScreen.storyboard; sourceTree = "<group>"; };
		DDA81A3F249B86C3001513C1 /* Info.plist */ = {isa = PBXFileReference; lastKnownFileType = text.plist.xml; path = Info.plist; sourceTree = "<group>"; };
		DDA81A49249B9744001513C1 /* GoogleService-Info.plist */ = {isa = PBXFileReference; fileEncoding = 4; lastKnownFileType = text.plist.xml; name = "GoogleService-Info.plist"; path = "../../../../../../../Downloads/GoogleService-Info.plist"; sourceTree = "<group>"; };
		DDA81A4B249B99F6001513C1 /* Colors.xcassets */ = {isa = PBXFileReference; lastKnownFileType = folder.assetcatalog; path = Colors.xcassets; sourceTree = "<group>"; };
		DDADB97724A2140F006ACB4E /* SignUpViewController.swift */ = {isa = PBXFileReference; lastKnownFileType = sourcecode.swift; path = SignUpViewController.swift; sourceTree = "<group>"; };
		DDADB97924A2263B006ACB4E /* AccountViewController.swift */ = {isa = PBXFileReference; lastKnownFileType = sourcecode.swift; path = AccountViewController.swift; sourceTree = "<group>"; };
		DDADB97E24A22A8C006ACB4E /* FormController.swift */ = {isa = PBXFileReference; lastKnownFileType = sourcecode.swift; path = FormController.swift; sourceTree = "<group>"; };
		DDCB3A2824A0EC63003A8A78 /* Colors.swift */ = {isa = PBXFileReference; lastKnownFileType = sourcecode.swift; path = Colors.swift; sourceTree = "<group>"; };
		DDCB3A2A24A0EDB8003A8A78 /* PrimaryButton.swift */ = {isa = PBXFileReference; lastKnownFileType = sourcecode.swift; path = PrimaryButton.swift; sourceTree = "<group>"; };
		DDCB3A2C24A0EE2A003A8A78 /* PrimaryTextField.swift */ = {isa = PBXFileReference; lastKnownFileType = sourcecode.swift; path = PrimaryTextField.swift; sourceTree = "<group>"; };
		DDCB3A2E24A0EE71003A8A78 /* PrimaryLabel.swift */ = {isa = PBXFileReference; lastKnownFileType = sourcecode.swift; path = PrimaryLabel.swift; sourceTree = "<group>"; };
		DDDD455724A00F8B009C1227 /* DashboardViewController.swift */ = {isa = PBXFileReference; lastKnownFileType = sourcecode.swift; path = DashboardViewController.swift; sourceTree = "<group>"; };
		DDDD455924A00F9F009C1227 /* HistoryViewController.swift */ = {isa = PBXFileReference; lastKnownFileType = sourcecode.swift; path = HistoryViewController.swift; sourceTree = "<group>"; };
		DDDD455B24A00FB0009C1227 /* LogScreenViewController.swift */ = {isa = PBXFileReference; lastKnownFileType = sourcecode.swift; path = LogScreenViewController.swift; sourceTree = "<group>"; };
/* End PBXFileReference section */

/* Begin PBXFrameworksBuildPhase section */
		DDA81A28249B86C2001513C1 /* Frameworks */ = {
			isa = PBXFrameworksBuildPhase;
			buildActionMask = 2147483647;
			files = (
				0D40EA44E27875B898AA1709 /* Pods_Weight_Grail.framework in Frameworks */,
			);
			runOnlyForDeploymentPostprocessing = 0;
		};
/* End PBXFrameworksBuildPhase section */

/* Begin PBXGroup section */
		1239181ABE810783BCFC903E /* Frameworks */ = {
			isa = PBXGroup;
			children = (
				360820C4361F706A92DA5AAB /* Pods_Weight_Grail.framework */,
			);
			name = Frameworks;
			sourceTree = "<group>";
		};
		277CC9D05B142B4D1F46C2AB /* Pods */ = {
			isa = PBXGroup;
			children = (
				10EB4EC49D9CD1FD81EEA590 /* Pods-Weight Grail.debug.xcconfig */,
				0BB3F5B57AC9E80C3022CA05 /* Pods-Weight Grail.release.xcconfig */,
			);
			path = Pods;
			sourceTree = "<group>";
		};
		DD7DD840249CCE8D002B8CA2 /* Assets */ = {
			isa = PBXGroup;
			children = (
				DDA81A4B249B99F6001513C1 /* Colors.xcassets */,
				DDA81A3A249B86C3001513C1 /* Assets.xcassets */,
			);
			path = Assets;
			sourceTree = "<group>";
		};
		DD7DD841249CCEA1002B8CA2 /* Model */ = {
			isa = PBXGroup;
			children = (
			);
			path = Model;
			sourceTree = "<group>";
		};
		DD7DD842249CCEB8002B8CA2 /* View */ = {
			isa = PBXGroup;
			children = (
				DD7DD843249CCECE002B8CA2 /* Storyboards */,
				DDCB3A2824A0EC63003A8A78 /* Colors.swift */,
				DDCB3A2A24A0EDB8003A8A78 /* PrimaryButton.swift */,
				DDCB3A2C24A0EE2A003A8A78 /* PrimaryTextField.swift */,
				DDCB3A2E24A0EE71003A8A78 /* PrimaryLabel.swift */,
			);
			path = View;
			sourceTree = "<group>";
		};
		DD7DD843249CCECE002B8CA2 /* Storyboards */ = {
			isa = PBXGroup;
			children = (
				DDA81A3C249B86C3001513C1 /* LaunchScreen.storyboard */,
				DDA81A34249B86C2001513C1 /* Main.storyboard */,
			);
			path = Storyboards;
			sourceTree = "<group>";
		};
		DD7DD844249CCEE3002B8CA2 /* Controller */ = {
			isa = PBXGroup;
			children = (
				DD7DD847249CD872002B8CA2 /* Extensions */,
				DDA81A32249B86C2001513C1 /* InitViewController.swift */,
				DD7DD845249CD6C8002B8CA2 /* AuthViewController.swift */,
				DDDD455724A00F8B009C1227 /* DashboardViewController.swift */,
				DDDD455924A00F9F009C1227 /* HistoryViewController.swift */,
				DDDD455B24A00FB0009C1227 /* LogScreenViewController.swift */,
				DDADB97724A2140F006ACB4E /* SignUpViewController.swift */,
				DDADB97924A2263B006ACB4E /* AccountViewController.swift */,
			);
			path = Controller;
			sourceTree = "<group>";
		};
		DD7DD847249CD872002B8CA2 /* Extensions */ = {
			isa = PBXGroup;
			children = (
				DDADB97E24A22A8C006ACB4E /* FormController.swift */,
			);
			path = Extensions;
			sourceTree = "<group>";
		};
		DDA81A22249B86C2001513C1 = {
			isa = PBXGroup;
			children = (
				DDA81A2D249B86C2001513C1 /* Weight Grail */,
				DDA81A2C249B86C2001513C1 /* Products */,
				277CC9D05B142B4D1F46C2AB /* Pods */,
				1239181ABE810783BCFC903E /* Frameworks */,
			);
			sourceTree = "<group>";
		};
		DDA81A2C249B86C2001513C1 /* Products */ = {
			isa = PBXGroup;
			children = (
				DDA81A2B249B86C2001513C1 /* Weight Grail.app */,
			);
			name = Products;
			sourceTree = "<group>";
		};
		DDA81A2D249B86C2001513C1 /* Weight Grail */ = {
			isa = PBXGroup;
			children = (
				DDADB97B24A22971006ACB4E /* Delegates */,
				DD7DD844249CCEE3002B8CA2 /* Controller */,
				DD7DD842249CCEB8002B8CA2 /* View */,
				DD7DD841249CCEA1002B8CA2 /* Model */,
				DD7DD840249CCE8D002B8CA2 /* Assets */,
				DDA81A49249B9744001513C1 /* GoogleService-Info.plist */,
				DDA81A2E249B86C2001513C1 /* AppDelegate.swift */,
				DDA81A30249B86C2001513C1 /* SceneDelegate.swift */,
				DDA81A3F249B86C3001513C1 /* Info.plist */,
				DDA81A37249B86C2001513C1 /* Weight_Grail.xcdatamodeld */,
			);
			path = "Weight Grail";
			sourceTree = "<group>";
		};
		DDADB97B24A22971006ACB4E /* Delegates */ = {
			isa = PBXGroup;
			children = (
			);
			path = Delegates;
			sourceTree = "<group>";
		};
/* End PBXGroup section */

/* Begin PBXNativeTarget section */
		DDA81A2A249B86C2001513C1 /* Weight Grail */ = {
			isa = PBXNativeTarget;
			buildConfigurationList = DDA81A42249B86C3001513C1 /* Build configuration list for PBXNativeTarget "Weight Grail" */;
			buildPhases = (
				30A937D53C8F14F8343D45BF /* [CP] Check Pods Manifest.lock */,
				DDA81A27249B86C2001513C1 /* Sources */,
				DDA81A28249B86C2001513C1 /* Frameworks */,
				DDA81A29249B86C2001513C1 /* Resources */,
				158149EC49C4C7FA30BCF954 /* [CP] Embed Pods Frameworks */,
				EAACED17A716A3360D20CD82 /* [CP] Copy Pods Resources */,
			);
			buildRules = (
			);
			dependencies = (
			);
			name = "Weight Grail";
			productName = "Weight Grail";
			productReference = DDA81A2B249B86C2001513C1 /* Weight Grail.app */;
			productType = "com.apple.product-type.application";
		};
/* End PBXNativeTarget section */

/* Begin PBXProject section */
		DDA81A23249B86C2001513C1 /* Project object */ = {
			isa = PBXProject;
			attributes = {
				LastSwiftUpdateCheck = 1150;
				LastUpgradeCheck = 1150;
				ORGANIZATIONNAME = "David Jarrin";
				TargetAttributes = {
					DDA81A2A249B86C2001513C1 = {
						CreatedOnToolsVersion = 11.5;
					};
				};
			};
			buildConfigurationList = DDA81A26249B86C2001513C1 /* Build configuration list for PBXProject "Weight Grail" */;
			compatibilityVersion = "Xcode 9.3";
			developmentRegion = en;
			hasScannedForEncodings = 0;
			knownRegions = (
				en,
				Base,
			);
			mainGroup = DDA81A22249B86C2001513C1;
			productRefGroup = DDA81A2C249B86C2001513C1 /* Products */;
			projectDirPath = "";
			projectRoot = "";
			targets = (
				DDA81A2A249B86C2001513C1 /* Weight Grail */,
			);
		};
/* End PBXProject section */

/* Begin PBXResourcesBuildPhase section */
		DDA81A29249B86C2001513C1 /* Resources */ = {
			isa = PBXResourcesBuildPhase;
			buildActionMask = 2147483647;
			files = (
				DDA81A4C249B99F6001513C1 /* Colors.xcassets in Resources */,
				DDA81A3E249B86C3001513C1 /* LaunchScreen.storyboard in Resources */,
				DDA81A4A249B9744001513C1 /* GoogleService-Info.plist in Resources */,
				DDA81A3B249B86C3001513C1 /* Assets.xcassets in Resources */,
				DDA81A36249B86C2001513C1 /* Main.storyboard in Resources */,
			);
			runOnlyForDeploymentPostprocessing = 0;
		};
/* End PBXResourcesBuildPhase section */

/* Begin PBXShellScriptBuildPhase section */
		158149EC49C4C7FA30BCF954 /* [CP] Embed Pods Frameworks */ = {
			isa = PBXShellScriptBuildPhase;
			buildActionMask = 2147483647;
			files = (
			);
			inputFileListPaths = (
				"${PODS_ROOT}/Target Support Files/Pods-Weight Grail/Pods-Weight Grail-frameworks-${CONFIGURATION}-input-files.xcfilelist",
			);
			name = "[CP] Embed Pods Frameworks";
			outputFileListPaths = (
				"${PODS_ROOT}/Target Support Files/Pods-Weight Grail/Pods-Weight Grail-frameworks-${CONFIGURATION}-output-files.xcfilelist",
			);
			runOnlyForDeploymentPostprocessing = 0;
			shellPath = /bin/sh;
			shellScript = "\"${PODS_ROOT}/Target Support Files/Pods-Weight Grail/Pods-Weight Grail-frameworks.sh\"\n";
			showEnvVarsInLog = 0;
		};
		30A937D53C8F14F8343D45BF /* [CP] Check Pods Manifest.lock */ = {
			isa = PBXShellScriptBuildPhase;
			buildActionMask = 2147483647;
			files = (
			);
			inputFileListPaths = (
			);
			inputPaths = (
				"${PODS_PODFILE_DIR_PATH}/Podfile.lock",
				"${PODS_ROOT}/Manifest.lock",
			);
			name = "[CP] Check Pods Manifest.lock";
			outputFileListPaths = (
			);
			outputPaths = (
				"$(DERIVED_FILE_DIR)/Pods-Weight Grail-checkManifestLockResult.txt",
			);
			runOnlyForDeploymentPostprocessing = 0;
			shellPath = /bin/sh;
			shellScript = "diff \"${PODS_PODFILE_DIR_PATH}/Podfile.lock\" \"${PODS_ROOT}/Manifest.lock\" > /dev/null\nif [ $? != 0 ] ; then\n    # print error to STDERR\n    echo \"error: The sandbox is not in sync with the Podfile.lock. Run 'pod install' or update your CocoaPods installation.\" >&2\n    exit 1\nfi\n# This output is used by Xcode 'outputs' to avoid re-running this script phase.\necho \"SUCCESS\" > \"${SCRIPT_OUTPUT_FILE_0}\"\n";
			showEnvVarsInLog = 0;
		};
		EAACED17A716A3360D20CD82 /* [CP] Copy Pods Resources */ = {
			isa = PBXShellScriptBuildPhase;
			buildActionMask = 2147483647;
			files = (
			);
			inputFileListPaths = (
				"${PODS_ROOT}/Target Support Files/Pods-Weight Grail/Pods-Weight Grail-resources-${CONFIGURATION}-input-files.xcfilelist",
			);
			name = "[CP] Copy Pods Resources";
			outputFileListPaths = (
				"${PODS_ROOT}/Target Support Files/Pods-Weight Grail/Pods-Weight Grail-resources-${CONFIGURATION}-output-files.xcfilelist",
			);
			runOnlyForDeploymentPostprocessing = 0;
			shellPath = /bin/sh;
			shellScript = "\"${PODS_ROOT}/Target Support Files/Pods-Weight Grail/Pods-Weight Grail-resources.sh\"\n";
			showEnvVarsInLog = 0;
		};
/* End PBXShellScriptBuildPhase section */

/* Begin PBXSourcesBuildPhase section */
		DDA81A27249B86C2001513C1 /* Sources */ = {
			isa = PBXSourcesBuildPhase;
			buildActionMask = 2147483647;
			files = (
				DDA81A33249B86C2001513C1 /* InitViewController.swift in Sources */,
				DDCB3A2F24A0EE71003A8A78 /* PrimaryLabel.swift in Sources */,
				DDADB97A24A2263B006ACB4E /* AccountViewController.swift in Sources */,
				DDCB3A2924A0EC63003A8A78 /* Colors.swift in Sources */,
				DDCB3A2B24A0EDB8003A8A78 /* PrimaryButton.swift in Sources */,
				DDDD455C24A00FB0009C1227 /* LogScreenViewController.swift in Sources */,
				DDDD455824A00F8B009C1227 /* DashboardViewController.swift in Sources */,
				DDA81A2F249B86C2001513C1 /* AppDelegate.swift in Sources */,
				DD7DD846249CD6C8002B8CA2 /* AuthViewController.swift in Sources */,
				DDADB97F24A22A8C006ACB4E /* FormController.swift in Sources */,
				DDA81A31249B86C2001513C1 /* SceneDelegate.swift in Sources */,
				DDDD455A24A00F9F009C1227 /* HistoryViewController.swift in Sources */,
				DDA81A39249B86C2001513C1 /* Weight_Grail.xcdatamodeld in Sources */,
				DDADB97824A2140F006ACB4E /* SignUpViewController.swift in Sources */,
				DDCB3A2D24A0EE2A003A8A78 /* PrimaryTextField.swift in Sources */,
			);
			runOnlyForDeploymentPostprocessing = 0;
		};
/* End PBXSourcesBuildPhase section */

/* Begin PBXVariantGroup section */
		DDA81A34249B86C2001513C1 /* Main.storyboard */ = {
			isa = PBXVariantGroup;
			children = (
				DDA81A35249B86C2001513C1 /* Base */,
			);
			name = Main.storyboard;
			sourceTree = "<group>";
		};
		DDA81A3C249B86C3001513C1 /* LaunchScreen.storyboard */ = {
			isa = PBXVariantGroup;
			children = (
				DDA81A3D249B86C3001513C1 /* Base */,
			);
			name = LaunchScreen.storyboard;
			sourceTree = "<group>";
		};
/* End PBXVariantGroup section */

/* Begin XCBuildConfiguration section */
		DDA81A40249B86C3001513C1 /* Debug */ = {
			isa = XCBuildConfiguration;
			buildSettings = {
				ALWAYS_SEARCH_USER_PATHS = NO;
				CLANG_ANALYZER_NONNULL = YES;
				CLANG_ANALYZER_NUMBER_OBJECT_CONVERSION = YES_AGGRESSIVE;
				CLANG_CXX_LANGUAGE_STANDARD = "gnu++14";
				CLANG_CXX_LIBRARY = "libc++";
				CLANG_ENABLE_MODULES = YES;
				CLANG_ENABLE_OBJC_ARC = YES;
				CLANG_ENABLE_OBJC_WEAK = YES;
				CLANG_WARN_BLOCK_CAPTURE_AUTORELEASING = YES;
				CLANG_WARN_BOOL_CONVERSION = YES;
				CLANG_WARN_COMMA = YES;
				CLANG_WARN_CONSTANT_CONVERSION = YES;
				CLANG_WARN_DEPRECATED_OBJC_IMPLEMENTATIONS = YES;
				CLANG_WARN_DIRECT_OBJC_ISA_USAGE = YES_ERROR;
				CLANG_WARN_DOCUMENTATION_COMMENTS = YES;
				CLANG_WARN_EMPTY_BODY = YES;
				CLANG_WARN_ENUM_CONVERSION = YES;
				CLANG_WARN_INFINITE_RECURSION = YES;
				CLANG_WARN_INT_CONVERSION = YES;
				CLANG_WARN_NON_LITERAL_NULL_CONVERSION = YES;
				CLANG_WARN_OBJC_IMPLICIT_RETAIN_SELF = YES;
				CLANG_WARN_OBJC_LITERAL_CONVERSION = YES;
				CLANG_WARN_OBJC_ROOT_CLASS = YES_ERROR;
				CLANG_WARN_RANGE_LOOP_ANALYSIS = YES;
				CLANG_WARN_STRICT_PROTOTYPES = YES;
				CLANG_WARN_SUSPICIOUS_MOVE = YES;
				CLANG_WARN_UNGUARDED_AVAILABILITY = YES_AGGRESSIVE;
				CLANG_WARN_UNREACHABLE_CODE = YES;
				CLANG_WARN__DUPLICATE_METHOD_MATCH = YES;
				COPY_PHASE_STRIP = NO;
				DEBUG_INFORMATION_FORMAT = dwarf;
				ENABLE_STRICT_OBJC_MSGSEND = YES;
				ENABLE_TESTABILITY = YES;
				GCC_C_LANGUAGE_STANDARD = gnu11;
				GCC_DYNAMIC_NO_PIC = NO;
				GCC_NO_COMMON_BLOCKS = YES;
				GCC_OPTIMIZATION_LEVEL = 0;
				GCC_PREPROCESSOR_DEFINITIONS = (
					"DEBUG=1",
					"$(inherited)",
				);
				GCC_WARN_64_TO_32_BIT_CONVERSION = YES;
				GCC_WARN_ABOUT_RETURN_TYPE = YES_ERROR;
				GCC_WARN_UNDECLARED_SELECTOR = YES;
				GCC_WARN_UNINITIALIZED_AUTOS = YES_AGGRESSIVE;
				GCC_WARN_UNUSED_FUNCTION = YES;
				GCC_WARN_UNUSED_VARIABLE = YES;
				IPHONEOS_DEPLOYMENT_TARGET = 13.5;
				MTL_ENABLE_DEBUG_INFO = INCLUDE_SOURCE;
				MTL_FAST_MATH = YES;
				ONLY_ACTIVE_ARCH = YES;
				SDKROOT = iphoneos;
				SWIFT_ACTIVE_COMPILATION_CONDITIONS = DEBUG;
				SWIFT_OPTIMIZATION_LEVEL = "-Onone";
			};
			name = Debug;
		};
		DDA81A41249B86C3001513C1 /* Release */ = {
			isa = XCBuildConfiguration;
			buildSettings = {
				ALWAYS_SEARCH_USER_PATHS = NO;
				CLANG_ANALYZER_NONNULL = YES;
				CLANG_ANALYZER_NUMBER_OBJECT_CONVERSION = YES_AGGRESSIVE;
				CLANG_CXX_LANGUAGE_STANDARD = "gnu++14";
				CLANG_CXX_LIBRARY = "libc++";
				CLANG_ENABLE_MODULES = YES;
				CLANG_ENABLE_OBJC_ARC = YES;
				CLANG_ENABLE_OBJC_WEAK = YES;
				CLANG_WARN_BLOCK_CAPTURE_AUTORELEASING = YES;
				CLANG_WARN_BOOL_CONVERSION = YES;
				CLANG_WARN_COMMA = YES;
				CLANG_WARN_CONSTANT_CONVERSION = YES;
				CLANG_WARN_DEPRECATED_OBJC_IMPLEMENTATIONS = YES;
				CLANG_WARN_DIRECT_OBJC_ISA_USAGE = YES_ERROR;
				CLANG_WARN_DOCUMENTATION_COMMENTS = YES;
				CLANG_WARN_EMPTY_BODY = YES;
				CLANG_WARN_ENUM_CONVERSION = YES;
				CLANG_WARN_INFINITE_RECURSION = YES;
				CLANG_WARN_INT_CONVERSION = YES;
				CLANG_WARN_NON_LITERAL_NULL_CONVERSION = YES;
				CLANG_WARN_OBJC_IMPLICIT_RETAIN_SELF = YES;
				CLANG_WARN_OBJC_LITERAL_CONVERSION = YES;
				CLANG_WARN_OBJC_ROOT_CLASS = YES_ERROR;
				CLANG_WARN_RANGE_LOOP_ANALYSIS = YES;
				CLANG_WARN_STRICT_PROTOTYPES = YES;
				CLANG_WARN_SUSPICIOUS_MOVE = YES;
				CLANG_WARN_UNGUARDED_AVAILABILITY = YES_AGGRESSIVE;
				CLANG_WARN_UNREACHABLE_CODE = YES;
				CLANG_WARN__DUPLICATE_METHOD_MATCH = YES;
				COPY_PHASE_STRIP = NO;
				DEBUG_INFORMATION_FORMAT = "dwarf-with-dsym";
				ENABLE_NS_ASSERTIONS = NO;
				ENABLE_STRICT_OBJC_MSGSEND = YES;
				GCC_C_LANGUAGE_STANDARD = gnu11;
				GCC_NO_COMMON_BLOCKS = YES;
				GCC_WARN_64_TO_32_BIT_CONVERSION = YES;
				GCC_WARN_ABOUT_RETURN_TYPE = YES_ERROR;
				GCC_WARN_UNDECLARED_SELECTOR = YES;
				GCC_WARN_UNINITIALIZED_AUTOS = YES_AGGRESSIVE;
				GCC_WARN_UNUSED_FUNCTION = YES;
				GCC_WARN_UNUSED_VARIABLE = YES;
				IPHONEOS_DEPLOYMENT_TARGET = 13.5;
				MTL_ENABLE_DEBUG_INFO = NO;
				MTL_FAST_MATH = YES;
				SDKROOT = iphoneos;
				SWIFT_COMPILATION_MODE = wholemodule;
				SWIFT_OPTIMIZATION_LEVEL = "-O";
				VALIDATE_PRODUCT = YES;
			};
			name = Release;
		};
		DDA81A43249B86C3001513C1 /* Debug */ = {
			isa = XCBuildConfiguration;
			baseConfigurationReference = 10EB4EC49D9CD1FD81EEA590 /* Pods-Weight Grail.debug.xcconfig */;
			buildSettings = {
				ASSETCATALOG_COMPILER_APPICON_NAME = AppIcon;
				CODE_SIGN_STYLE = Automatic;
				DEVELOPMENT_TEAM = LCZ95D67ZG;
				INFOPLIST_FILE = "Weight Grail/Info.plist";
				LD_RUNPATH_SEARCH_PATHS = (
					"$(inherited)",
					"@executable_path/Frameworks",
				);
				PRODUCT_BUNDLE_IDENTIFIER = "com.digitaldreamcatcher.Weight-Grail";
				PRODUCT_NAME = "$(TARGET_NAME)";
				SWIFT_VERSION = 5.0;
				TARGETED_DEVICE_FAMILY = "1,2";
			};
			name = Debug;
		};
		DDA81A44249B86C3001513C1 /* Release */ = {
			isa = XCBuildConfiguration;
			baseConfigurationReference = 0BB3F5B57AC9E80C3022CA05 /* Pods-Weight Grail.release.xcconfig */;
			buildSettings = {
				ASSETCATALOG_COMPILER_APPICON_NAME = AppIcon;
				CODE_SIGN_STYLE = Automatic;
				DEVELOPMENT_TEAM = LCZ95D67ZG;
				INFOPLIST_FILE = "Weight Grail/Info.plist";
				LD_RUNPATH_SEARCH_PATHS = (
					"$(inherited)",
					"@executable_path/Frameworks",
				);
				PRODUCT_BUNDLE_IDENTIFIER = "com.digitaldreamcatcher.Weight-Grail";
				PRODUCT_NAME = "$(TARGET_NAME)";
				SWIFT_VERSION = 5.0;
				TARGETED_DEVICE_FAMILY = "1,2";
			};
			name = Release;
		};
/* End XCBuildConfiguration section */

/* Begin XCConfigurationList section */
		DDA81A26249B86C2001513C1 /* Build configuration list for PBXProject "Weight Grail" */ = {
			isa = XCConfigurationList;
			buildConfigurations = (
				DDA81A40249B86C3001513C1 /* Debug */,
				DDA81A41249B86C3001513C1 /* Release */,
			);
			defaultConfigurationIsVisible = 0;
			defaultConfigurationName = Release;
		};
		DDA81A42249B86C3001513C1 /* Build configuration list for PBXNativeTarget "Weight Grail" */ = {
			isa = XCConfigurationList;
			buildConfigurations = (
				DDA81A43249B86C3001513C1 /* Debug */,
				DDA81A44249B86C3001513C1 /* Release */,
			);
			defaultConfigurationIsVisible = 0;
			defaultConfigurationName = Release;
		};
/* End XCConfigurationList section */

/* Begin XCVersionGroup section */
		DDA81A37249B86C2001513C1 /* Weight_Grail.xcdatamodeld */ = {
			isa = XCVersionGroup;
			children = (
				DDA81A38249B86C2001513C1 /* Weight_Grail.xcdatamodel */,
			);
			currentVersion = DDA81A38249B86C2001513C1 /* Weight_Grail.xcdatamodel */;
			path = Weight_Grail.xcdatamodeld;
			sourceTree = "<group>";
			versionGroupType = wrapper.xcdatamodel;
		};
/* End XCVersionGroup section */
	};
	rootObject = DDA81A23249B86C2001513C1 /* Project object */;
}
